
Microsoft Visual Studio Solution File, Format Version 12.00
# Visual Studio Version 17
VisualStudioVersion = 17.10.35013.160
MinimumVisualStudioVersion = 10.0.40219.1
Project("{FAE04EC0-301F-11D3-BF4B-00C04F79EFBC}") = "TodoList", "TodoList\TodoList.csproj", "{817BD8A3-5531-44EC-B575-716FFFADECE4}"
EndProject
Global
	GlobalSection(SolutionConfigurationPlatforms) = preSolution
		Debug|Any CPU = Debug|Any CPU
		Release|Any CPU = Release|Any CPU
	EndGlobalSection
	GlobalSection(ProjectConfigurationPlatforms) = postSolution
		{817BD8A3-5531-44EC-B575-716FFFADECE4}.Debug|Any CPU.ActiveCfg = Debug|Any CPU
		{817BD8A3-5531-44EC-B575-716FFFADECE4}.Debug|Any CPU.Build.0 = Debug|Any CPU
		{817BD8A3-5531-44EC-B575-716FFFADECE4}.Release|Any CPU.ActiveCfg = Release|Any CPU
		{817BD8A3-5531-44EC-B575-716FFFADECE4}.Release|Any CPU.Build.0 = Release|Any CPU
	EndGlobalSection
	GlobalSection(SolutionProperties) = preSolution
		HideSolutionNode = FALSE
	EndGlobalSection
	GlobalSection(ExtensibilityGlobals) = postSolution
		SolutionGuid = {2E0303BD-56E8-4EA0-A165-D7D001F2C25C}
	EndGlobalSection
EndGlobal
